
Microsoft Visual Studio Solution File, Format Version 12.00
# Visual Studio Version 17
VisualStudioVersion = 17.5.33530.505
MinimumVisualStudioVersion = 10.0.40219.1
Project("{FAE04EC0-301F-11D3-BF4B-00C04F79EFBC}") = "Cafe.EF", "Cafe.EF\Cafe.EF.csproj", "{1D84542A-B82F-414D-B966-1AF98BF4E080}"
EndProject
Project("{2150E333-8FDC-42A3-9474-1A3956D46DE8}") = "Application", "Application", "{F65B56D8-EFEA-4253-AE66-3E1FA6E3B39D}"
EndProject
Project("{2150E333-8FDC-42A3-9474-1A3956D46DE8}") = "Domain", "Domain", "{4AE3BB2C-3F3B-4A67-9AB4-AF327108EAC4}"
EndProject
Project("{2150E333-8FDC-42A3-9474-1A3956D46DE8}") = "Host", "Host", "{09596CDB-17EC-4D17-8823-97626F9CACC1}"
EndProject
Project("{2150E333-8FDC-42A3-9474-1A3956D46DE8}") = "Infrastructure", "Infrastructure", "{70C4F030-9D93-40F0-AD70-C60862B0CD31}"
EndProject
Project("{FAE04EC0-301F-11D3-BF4B-00C04F79EFBC}") = "Cafe.Repository", "Cafe.Repository\Cafe.Repository.csproj", "{271666EB-20CC-49B5-BA36-F388A69BB0A2}"
EndProject
Project("{FAE04EC0-301F-11D3-BF4B-00C04F79EFBC}") = "Cafe.IoC", "Cafe.IoC\Cafe.IoC.csproj", "{A7592334-D469-4A62-BB4E-6A10A3C8DD4A}"
EndProject
Project("{FAE04EC0-301F-11D3-BF4B-00C04F79EFBC}") = "Cafe.Services", "Cafe.Services\Cafe.Services.csproj", "{EA2F2DAB-AB42-4154-B1BE-1F2CD8F19192}"
EndProject
Project("{FAE04EC0-301F-11D3-BF4B-00C04F79EFBC}") = "Cafe.VM", "Cafe.VM\Cafe.VM.csproj", "{8E686F06-E851-4CBB-8CAF-AD4CD84E0EF1}"
EndProject
Project("{FAE04EC0-301F-11D3-BF4B-00C04F79EFBC}") = "Cafe.WEB", "Cafe.WEB\Cafe.WEB.csproj", "{8B0D9D2D-2782-4AD3-98BA-9A153FC3BBAE}"
EndProject
Global
	GlobalSection(SolutionConfigurationPlatforms) = preSolution
		Debug|Any CPU = Debug|Any CPU
		Release|Any CPU = Release|Any CPU
	EndGlobalSection
	GlobalSection(ProjectConfigurationPlatforms) = postSolution
		{1D84542A-B82F-414D-B966-1AF98BF4E080}.Debug|Any CPU.ActiveCfg = Debug|Any CPU
		{1D84542A-B82F-414D-B966-1AF98BF4E080}.Debug|Any CPU.Build.0 = Debug|Any CPU
		{1D84542A-B82F-414D-B966-1AF98BF4E080}.Release|Any CPU.ActiveCfg = Release|Any CPU
		{1D84542A-B82F-414D-B966-1AF98BF4E080}.Release|Any CPU.Build.0 = Release|Any CPU
		{271666EB-20CC-49B5-BA36-F388A69BB0A2}.Debug|Any CPU.ActiveCfg = Debug|Any CPU
		{271666EB-20CC-49B5-BA36-F388A69BB0A2}.Debug|Any CPU.Build.0 = Debug|Any CPU
		{271666EB-20CC-49B5-BA36-F388A69BB0A2}.Release|Any CPU.ActiveCfg = Release|Any CPU
		{271666EB-20CC-49B5-BA36-F388A69BB0A2}.Release|Any CPU.Build.0 = Release|Any CPU
		{A7592334-D469-4A62-BB4E-6A10A3C8DD4A}.Debug|Any CPU.ActiveCfg = Debug|Any CPU
		{A7592334-D469-4A62-BB4E-6A10A3C8DD4A}.Debug|Any CPU.Build.0 = Debug|Any CPU
		{A7592334-D469-4A62-BB4E-6A10A3C8DD4A}.Release|Any CPU.ActiveCfg = Release|Any CPU
		{A7592334-D469-4A62-BB4E-6A10A3C8DD4A}.Release|Any CPU.Build.0 = Release|Any CPU
		{EA2F2DAB-AB42-4154-B1BE-1F2CD8F19192}.Debug|Any CPU.ActiveCfg = Debug|Any CPU
		{EA2F2DAB-AB42-4154-B1BE-1F2CD8F19192}.Debug|Any CPU.Build.0 = Debug|Any CPU
		{EA2F2DAB-AB42-4154-B1BE-1F2CD8F19192}.Release|Any CPU.ActiveCfg = Release|Any CPU
		{EA2F2DAB-AB42-4154-B1BE-1F2CD8F19192}.Release|Any CPU.Build.0 = Release|Any CPU
		{8E686F06-E851-4CBB-8CAF-AD4CD84E0EF1}.Debug|Any CPU.ActiveCfg = Debug|Any CPU
		{8E686F06-E851-4CBB-8CAF-AD4CD84E0EF1}.Debug|Any CPU.Build.0 = Debug|Any CPU
		{8E686F06-E851-4CBB-8CAF-AD4CD84E0EF1}.Release|Any CPU.ActiveCfg = Release|Any CPU
		{8E686F06-E851-4CBB-8CAF-AD4CD84E0EF1}.Release|Any CPU.Build.0 = Release|Any CPU
		{8B0D9D2D-2782-4AD3-98BA-9A153FC3BBAE}.Debug|Any CPU.ActiveCfg = Debug|Any CPU
		{8B0D9D2D-2782-4AD3-98BA-9A153FC3BBAE}.Debug|Any CPU.Build.0 = Debug|Any CPU
		{8B0D9D2D-2782-4AD3-98BA-9A153FC3BBAE}.Release|Any CPU.ActiveCfg = Release|Any CPU
		{8B0D9D2D-2782-4AD3-98BA-9A153FC3BBAE}.Release|Any CPU.Build.0 = Release|Any CPU
	EndGlobalSection
	GlobalSection(SolutionProperties) = preSolution
		HideSolutionNode = FALSE
	EndGlobalSection
	GlobalSection(NestedProjects) = preSolution
		{1D84542A-B82F-414D-B966-1AF98BF4E080} = {4AE3BB2C-3F3B-4A67-9AB4-AF327108EAC4}
		{271666EB-20CC-49B5-BA36-F388A69BB0A2} = {F65B56D8-EFEA-4253-AE66-3E1FA6E3B39D}
		{A7592334-D469-4A62-BB4E-6A10A3C8DD4A} = {70C4F030-9D93-40F0-AD70-C60862B0CD31}
		{EA2F2DAB-AB42-4154-B1BE-1F2CD8F19192} = {70C4F030-9D93-40F0-AD70-C60862B0CD31}
		{8E686F06-E851-4CBB-8CAF-AD4CD84E0EF1} = {70C4F030-9D93-40F0-AD70-C60862B0CD31}
		{8B0D9D2D-2782-4AD3-98BA-9A153FC3BBAE} = {09596CDB-17EC-4D17-8823-97626F9CACC1}
	EndGlobalSection
	GlobalSection(ExtensibilityGlobals) = postSolution
		SolutionGuid = {A8FC5118-5AC1-4000-AE25-A45A92662587}
	EndGlobalSection
EndGlobal
